// !$*UTF8*$!
{
	archiveVersion = 1;
	classes = {
	};
	objectVersion = 48;
	objects = {

/* Begin PBXBuildFile section */
		711FABD11FBE26B90074927B /* AppDelegate.swift in Sources */ = {isa = PBXBuildFile; fileRef = 711FABD01FBE26B90074927B /* AppDelegate.swift */; };
		711FABD31FBE26B90074927B /* GameScene.sks in Resources */ = {isa = PBXBuildFile; fileRef = 711FABD21FBE26B90074927B /* GameScene.sks */; };
		711FABD51FBE26B90074927B /* Actions.sks in Resources */ = {isa = PBXBuildFile; fileRef = 711FABD41FBE26B90074927B /* Actions.sks */; };
		711FABD71FBE26B90074927B /* GameScene.swift in Sources */ = {isa = PBXBuildFile; fileRef = 711FABD61FBE26B90074927B /* GameScene.swift */; };
		711FABD91FBE26B90074927B /* GameViewController.swift in Sources */ = {isa = PBXBuildFile; fileRef = 711FABD81FBE26B90074927B /* GameViewController.swift */; };
		711FABDC1FBE26B90074927B /* Main.storyboard in Resources */ = {isa = PBXBuildFile; fileRef = 711FABDA1FBE26B90074927B /* Main.storyboard */; };
		711FABDE1FBE26B90074927B /* Assets.xcassets in Resources */ = {isa = PBXBuildFile; fileRef = 711FABDD1FBE26B90074927B /* Assets.xcassets */; };
		711FABE11FBE26B90074927B /* LaunchScreen.storyboard in Resources */ = {isa = PBXBuildFile; fileRef = 711FABDF1FBE26B90074927B /* LaunchScreen.storyboard */; };
		711FABEE1FBF550C0074927B /* PhysicsCategory.swift in Sources */ = {isa = PBXBuildFile; fileRef = 711FABED1FBF550C0074927B /* PhysicsCategory.swift */; };
		711FABF01FBF559F0074927B /* Constants.swift in Sources */ = {isa = PBXBuildFile; fileRef = 711FABEF1FBF559F0074927B /* Constants.swift */; };
		71D6FB2D1FC7220500F8FEF9 /* GameSceneCollisionManager.swift in Sources */ = {isa = PBXBuildFile; fileRef = 71D6FB2C1FC7220500F8FEF9 /* GameSceneCollisionManager.swift */; };
		71D6FB2F1FC72CE100F8FEF9 /* PlayerExplosion.sks in Resources */ = {isa = PBXBuildFile; fileRef = 71D6FB2E1FC72CE100F8FEF9 /* PlayerExplosion.sks */; };
		71D6FB311FC748C500F8FEF9 /* EnemyExplosion.sks in Resources */ = {isa = PBXBuildFile; fileRef = 71D6FB301FC748C500F8FEF9 /* EnemyExplosion.sks */; };
		71D6FB361FC8B5EB00F8FEF9 /* explosion.wav in Resources */ = {isa = PBXBuildFile; fileRef = 71D6FB331FC8B5EB00F8FEF9 /* explosion.wav */; };
		71D6FB371FC8B5EB00F8FEF9 /* pixelland.mp3 in Resources */ = {isa = PBXBuildFile; fileRef = 71D6FB341FC8B5EB00F8FEF9 /* pixelland.mp3 */; };
		71D6FB381FC8B5EB00F8FEF9 /* score.wav in Resources */ = {isa = PBXBuildFile; fileRef = 71D6FB351FC8B5EB00F8FEF9 /* score.wav */; };
		71D6FB3A1FC8B77700F8FEF9 /* Coin.swift in Sources */ = {isa = PBXBuildFile; fileRef = 71D6FB391FC8B77700F8FEF9 /* Coin.swift */; };
		71D6FB3C1FC8B8D900F8FEF9 /* NodeCustomizer.swift in Sources */ = {isa = PBXBuildFile; fileRef = 71D6FB3B1FC8B8D900F8FEF9 /* NodeCustomizer.swift */; };
		71DAB3451FC340950099991C /* Player.swift in Sources */ = {isa = PBXBuildFile; fileRef = 71DAB3441FC340950099991C /* Player.swift */; };
		71DAB3491FC341E80099991C /* GameState.swift in Sources */ = {isa = PBXBuildFile; fileRef = 71DAB3481FC341E80099991C /* GameState.swift */; };
		71DAB34D1FC3554F0099991C /* Background.swift in Sources */ = {isa = PBXBuildFile; fileRef = 71DAB34C1FC3554F0099991C /* Background.swift */; };
		71DAB34F1FC359A50099991C /* Positions.swift in Sources */ = {isa = PBXBuildFile; fileRef = 71DAB34E1FC359A50099991C /* Positions.swift */; };
		71DAB3511FC3698E0099991C /* Obstacle.swift in Sources */ = {isa = PBXBuildFile; fileRef = 71DAB3501FC3698E0099991C /* Obstacle.swift */; };
		71EE55D71FD74F310065DA91 /* AudioManager.swift in Sources */ = {isa = PBXBuildFile; fileRef = 71EE55D61FD74F310065DA91 /* AudioManager.swift */; };
/* End PBXBuildFile section */

/* Begin PBXFileReference section */
		711FABCD1FBE26B90074927B /* CrashyPlane.app */ = {isa = PBXFileReference; explicitFileType = wrapper.application; includeInIndex = 0; path = CrashyPlane.app; sourceTree = BUILT_PRODUCTS_DIR; };
		711FABD01FBE26B90074927B /* AppDelegate.swift */ = {isa = PBXFileReference; lastKnownFileType = sourcecode.swift; path = AppDelegate.swift; sourceTree = "<group>"; };
		711FABD21FBE26B90074927B /* GameScene.sks */ = {isa = PBXFileReference; lastKnownFileType = file.sks; path = GameScene.sks; sourceTree = "<group>"; };
		711FABD41FBE26B90074927B /* Actions.sks */ = {isa = PBXFileReference; lastKnownFileType = file.sks; path = Actions.sks; sourceTree = "<group>"; };
		711FABD61FBE26B90074927B /* GameScene.swift */ = {isa = PBXFileReference; lastKnownFileType = sourcecode.swift; path = GameScene.swift; sourceTree = "<group>"; };
		711FABD81FBE26B90074927B /* GameViewController.swift */ = {isa = PBXFileReference; lastKnownFileType = sourcecode.swift; path = GameViewController.swift; sourceTree = "<group>"; };
		711FABDB1FBE26B90074927B /* Base */ = {isa = PBXFileReference; lastKnownFileType = file.storyboard; name = Base; path = Base.lproj/Main.storyboard; sourceTree = "<group>"; };
		711FABDD1FBE26B90074927B /* Assets.xcassets */ = {isa = PBXFileReference; lastKnownFileType = folder.assetcatalog; path = Assets.xcassets; sourceTree = "<group>"; };
		711FABE01FBE26B90074927B /* Base */ = {isa = PBXFileReference; lastKnownFileType = file.storyboard; name = Base; path = Base.lproj/LaunchScreen.storyboard; sourceTree = "<group>"; };
		711FABE21FBE26B90074927B /* Info.plist */ = {isa = PBXFileReference; lastKnownFileType = text.plist.xml; path = Info.plist; sourceTree = "<group>"; };
		711FABED1FBF550C0074927B /* PhysicsCategory.swift */ = {isa = PBXFileReference; lastKnownFileType = sourcecode.swift; path = PhysicsCategory.swift; sourceTree = "<group>"; };
		711FABEF1FBF559F0074927B /* Constants.swift */ = {isa = PBXFileReference; lastKnownFileType = sourcecode.swift; path = Constants.swift; sourceTree = "<group>"; };
		71D6FB2C1FC7220500F8FEF9 /* GameSceneCollisionManager.swift */ = {isa = PBXFileReference; lastKnownFileType = sourcecode.swift; path = GameSceneCollisionManager.swift; sourceTree = "<group>"; };
		71D6FB2E1FC72CE100F8FEF9 /* PlayerExplosion.sks */ = {isa = PBXFileReference; lastKnownFileType = file.sks; path = PlayerExplosion.sks; sourceTree = "<group>"; };
		71D6FB301FC748C500F8FEF9 /* EnemyExplosion.sks */ = {isa = PBXFileReference; lastKnownFileType = file.sks; path = EnemyExplosion.sks; sourceTree = "<group>"; };
		71D6FB331FC8B5EB00F8FEF9 /* explosion.wav */ = {isa = PBXFileReference; lastKnownFileType = audio.wav; path = explosion.wav; sourceTree = "<group>"; };
		71D6FB341FC8B5EB00F8FEF9 /* pixelland.mp3 */ = {isa = PBXFileReference; lastKnownFileType = audio.mp3; path = pixelland.mp3; sourceTree = "<group>"; };
		71D6FB351FC8B5EB00F8FEF9 /* score.wav */ = {isa = PBXFileReference; lastKnownFileType = audio.wav; path = score.wav; sourceTree = "<group>"; };
		71D6FB391FC8B77700F8FEF9 /* Coin.swift */ = {isa = PBXFileReference; lastKnownFileType = sourcecode.swift; path = Coin.swift; sourceTree = "<group>"; };
		71D6FB3B1FC8B8D900F8FEF9 /* NodeCustomizer.swift */ = {isa = PBXFileReference; lastKnownFileType = sourcecode.swift; path = NodeCustomizer.swift; sourceTree = "<group>"; };
		71DAB3441FC340950099991C /* Player.swift */ = {isa = PBXFileReference; lastKnownFileType = sourcecode.swift; path = Player.swift; sourceTree = "<group>"; };
		71DAB3481FC341E80099991C /* GameState.swift */ = {isa = PBXFileReference; lastKnownFileType = sourcecode.swift; path = GameState.swift; sourceTree = "<group>"; };
		71DAB34C1FC3554F0099991C /* Background.swift */ = {isa = PBXFileReference; lastKnownFileType = sourcecode.swift; path = Background.swift; sourceTree = "<group>"; };
		71DAB34E1FC359A50099991C /* Positions.swift */ = {isa = PBXFileReference; lastKnownFileType = sourcecode.swift; path = Positions.swift; sourceTree = "<group>"; };
		71DAB3501FC3698E0099991C /* Obstacle.swift */ = {isa = PBXFileReference; lastKnownFileType = sourcecode.swift; path = Obstacle.swift; sourceTree = "<group>"; };
		71EE55D61FD74F310065DA91 /* AudioManager.swift */ = {isa = PBXFileReference; lastKnownFileType = sourcecode.swift; path = AudioManager.swift; sourceTree = "<group>"; };
/* End PBXFileReference section */

/* Begin PBXFrameworksBuildPhase section */
		711FABCA1FBE26B90074927B /* Frameworks */ = {
			isa = PBXFrameworksBuildPhase;
			buildActionMask = 2147483647;
			files = (
			);
			runOnlyForDeploymentPostprocessing = 0;
		};
/* End PBXFrameworksBuildPhase section */

/* Begin PBXGroup section */
		711FABC41FBE26B90074927B = {
			isa = PBXGroup;
			children = (
				711FABCF1FBE26B90074927B /* CrashyPlane */,
				711FABCE1FBE26B90074927B /* Products */,
			);
			sourceTree = "<group>";
		};
		711FABCE1FBE26B90074927B /* Products */ = {
			isa = PBXGroup;
			children = (
				711FABCD1FBE26B90074927B /* CrashyPlane.app */,
			);
			name = Products;
			sourceTree = "<group>";
		};
		711FABCF1FBE26B90074927B /* CrashyPlane */ = {
			isa = PBXGroup;
			children = (
				71D6FB321FC8B5D100F8FEF9 /* Sounds */,
				71DAB3431FC340770099991C /* Sprite */,
				711FABEA1FBF52460074927B /* Model */,
				711FABE91FBF523F0074927B /* View */,
				711FABE81FBF52370074927B /* Controller */,
				711FABD01FBE26B90074927B /* AppDelegate.swift */,
				711FABE21FBE26B90074927B /* Info.plist */,
			);
			path = CrashyPlane;
			sourceTree = "<group>";
		};
		711FABE81FBF52370074927B /* Controller */ = {
			isa = PBXGroup;
			children = (
				711FABD81FBE26B90074927B /* GameViewController.swift */,
				711FABD61FBE26B90074927B /* GameScene.swift */,
				71DAB3481FC341E80099991C /* GameState.swift */,
				71D6FB2C1FC7220500F8FEF9 /* GameSceneCollisionManager.swift */,
			);
			path = Controller;
			sourceTree = "<group>";
		};
		711FABE91FBF523F0074927B /* View */ = {
			isa = PBXGroup;
			children = (
				71D6FB2E1FC72CE100F8FEF9 /* PlayerExplosion.sks */,
				71D6FB301FC748C500F8FEF9 /* EnemyExplosion.sks */,
				711FABD21FBE26B90074927B /* GameScene.sks */,
				711FABD41FBE26B90074927B /* Actions.sks */,
				711FABDA1FBE26B90074927B /* Main.storyboard */,
				711FABDF1FBE26B90074927B /* LaunchScreen.storyboard */,
				711FABDD1FBE26B90074927B /* Assets.xcassets */,
			);
			path = View;
			sourceTree = "<group>";
		};
		711FABEA1FBF52460074927B /* Model */ = {
			isa = PBXGroup;
			children = (
				711FABED1FBF550C0074927B /* PhysicsCategory.swift */,
				711FABEF1FBF559F0074927B /* Constants.swift */,
				71DAB34E1FC359A50099991C /* Positions.swift */,
			);
			path = Model;
			sourceTree = "<group>";
		};
		71D6FB321FC8B5D100F8FEF9 /* Sounds */ = {
			isa = PBXGroup;
			children = (
				71D6FB331FC8B5EB00F8FEF9 /* explosion.wav */,
				71D6FB341FC8B5EB00F8FEF9 /* pixelland.mp3 */,
				71D6FB351FC8B5EB00F8FEF9 /* score.wav */,
				71EE55D61FD74F310065DA91 /* AudioManager.swift */,
			);
			path = Sounds;
			sourceTree = "<group>";
		};
		71DAB3431FC340770099991C /* Sprite */ = {
			isa = PBXGroup;
			children = (
				71DAB3441FC340950099991C /* Player.swift */,
				71DAB34C1FC3554F0099991C /* Background.swift */,
				71DAB3501FC3698E0099991C /* Obstacle.swift */,
				71D6FB391FC8B77700F8FEF9 /* Coin.swift */,
				71D6FB3B1FC8B8D900F8FEF9 /* NodeCustomizer.swift */,
			);
			path = Sprite;
			sourceTree = "<group>";
		};
/* End PBXGroup section */

/* Begin PBXNativeTarget section */
		711FABCC1FBE26B90074927B /* CrashyPlane */ = {
			isa = PBXNativeTarget;
			buildConfigurationList = 711FABE51FBE26B90074927B /* Build configuration list for PBXNativeTarget "CrashyPlane" */;
			buildPhases = (
				711FABC91FBE26B90074927B /* Sources */,
				711FABCA1FBE26B90074927B /* Frameworks */,
				711FABCB1FBE26B90074927B /* Resources */,
			);
			buildRules = (
			);
			dependencies = (
			);
			name = CrashyPlane;
			productName = CrashyPlane;
			productReference = 711FABCD1FBE26B90074927B /* CrashyPlane.app */;
			productType = "com.apple.product-type.application";
		};
/* End PBXNativeTarget section */

/* Begin PBXProject section */
		711FABC51FBE26B90074927B /* Project object */ = {
			isa = PBXProject;
			attributes = {
				LastSwiftUpdateCheck = 0910;
				LastUpgradeCheck = 0910;
				ORGANIZATIONNAME = "Shawn Roller";
				TargetAttributes = {
					711FABCC1FBE26B90074927B = {
						CreatedOnToolsVersion = 9.1;
						ProvisioningStyle = Automatic;
					};
				};
			};
			buildConfigurationList = 711FABC81FBE26B90074927B /* Build configuration list for PBXProject "CrashyPlane" */;
			compatibilityVersion = "Xcode 8.0";
			developmentRegion = en;
			hasScannedForEncodings = 0;
			knownRegions = (
				en,
				Base,
			);
			mainGroup = 711FABC41FBE26B90074927B;
			productRefGroup = 711FABCE1FBE26B90074927B /* Products */;
			projectDirPath = "";
			projectRoot = "";
			targets = (
				711FABCC1FBE26B90074927B /* CrashyPlane */,
			);
		};
/* End PBXProject section */

/* Begin PBXResourcesBuildPhase section */
		711FABCB1FBE26B90074927B /* Resources */ = {
			isa = PBXResourcesBuildPhase;
			buildActionMask = 2147483647;
			files = (
				71D6FB2F1FC72CE100F8FEF9 /* PlayerExplosion.sks in Resources */,
				711FABDC1FBE26B90074927B /* Main.storyboard in Resources */,
				71D6FB361FC8B5EB00F8FEF9 /* explosion.wav in Resources */,
				71D6FB381FC8B5EB00F8FEF9 /* score.wav in Resources */,
				711FABD31FBE26B90074927B /* GameScene.sks in Resources */,
				711FABDE1FBE26B90074927B /* Assets.xcassets in Resources */,
				71D6FB311FC748C500F8FEF9 /* EnemyExplosion.sks in Resources */,
				71D6FB371FC8B5EB00F8FEF9 /* pixelland.mp3 in Resources */,
				711FABE11FBE26B90074927B /* LaunchScreen.storyboard in Resources */,
				711FABD51FBE26B90074927B /* Actions.sks in Resources */,
			);
			runOnlyForDeploymentPostprocessing = 0;
		};
/* End PBXResourcesBuildPhase section */

/* Begin PBXSourcesBuildPhase section */
		711FABC91FBE26B90074927B /* Sources */ = {
			isa = PBXSourcesBuildPhase;
			buildActionMask = 2147483647;
			files = (
				711FABD71FBE26B90074927B /* GameScene.swift in Sources */,
				711FABEE1FBF550C0074927B /* PhysicsCategory.swift in Sources */,
				71D6FB2D1FC7220500F8FEF9 /* GameSceneCollisionManager.swift in Sources */,
				71DAB3511FC3698E0099991C /* Obstacle.swift in Sources */,
				711FABD91FBE26B90074927B /* GameViewController.swift in Sources */,
				71D6FB3C1FC8B8D900F8FEF9 /* NodeCustomizer.swift in Sources */,
				71DAB3451FC340950099991C /* Player.swift in Sources */,
				71D6FB3A1FC8B77700F8FEF9 /* Coin.swift in Sources */,
				71EE55D71FD74F310065DA91 /* AudioManager.swift in Sources */,
				71DAB34F1FC359A50099991C /* Positions.swift in Sources */,
				711FABD11FBE26B90074927B /* AppDelegate.swift in Sources */,
				71DAB34D1FC3554F0099991C /* Background.swift in Sources */,
				71DAB3491FC341E80099991C /* GameState.swift in Sources */,
				711FABF01FBF559F0074927B /* Constants.swift in Sources */,
			);
			runOnlyForDeploymentPostprocessing = 0;
		};
/* End PBXSourcesBuildPhase section */

/* Begin PBXVariantGroup section */
		711FABDA1FBE26B90074927B /* Main.storyboard */ = {
			isa = PBXVariantGroup;
			children = (
				711FABDB1FBE26B90074927B /* Base */,
			);
			name = Main.storyboard;
			sourceTree = "<group>";
		};
		711FABDF1FBE26B90074927B /* LaunchScreen.storyboard */ = {
			isa = PBXVariantGroup;
			children = (
				711FABE01FBE26B90074927B /* Base */,
			);
			name = LaunchScreen.storyboard;
			sourceTree = "<group>";
		};
/* End PBXVariantGroup section */

/* Begin XCBuildConfiguration section */
		711FABE31FBE26B90074927B /* Debug */ = {
			isa = XCBuildConfiguration;
			buildSettings = {
				ALWAYS_SEARCH_USER_PATHS = NO;
				CLANG_ANALYZER_NONNULL = YES;
				CLANG_ANALYZER_NUMBER_OBJECT_CONVERSION = YES_AGGRESSIVE;
				CLANG_CXX_LANGUAGE_STANDARD = "gnu++14";
				CLANG_CXX_LIBRARY = "libc++";
				CLANG_ENABLE_MODULES = YES;
				CLANG_ENABLE_OBJC_ARC = YES;
				CLANG_WARN_BLOCK_CAPTURE_AUTORELEASING = YES;
				CLANG_WARN_BOOL_CONVERSION = YES;
				CLANG_WARN_COMMA = YES;
				CLANG_WARN_CONSTANT_CONVERSION = YES;
				CLANG_WARN_DIRECT_OBJC_ISA_USAGE = YES_ERROR;
				CLANG_WARN_DOCUMENTATION_COMMENTS = YES;
				CLANG_WARN_EMPTY_BODY = YES;
				CLANG_WARN_ENUM_CONVERSION = YES;
				CLANG_WARN_INFINITE_RECURSION = YES;
				CLANG_WARN_INT_CONVERSION = YES;
				CLANG_WARN_NON_LITERAL_NULL_CONVERSION = YES;
				CLANG_WARN_OBJC_LITERAL_CONVERSION = YES;
				CLANG_WARN_OBJC_ROOT_CLASS = YES_ERROR;
				CLANG_WARN_RANGE_LOOP_ANALYSIS = YES;
				CLANG_WARN_STRICT_PROTOTYPES = YES;
				CLANG_WARN_SUSPICIOUS_MOVE = YES;
				CLANG_WARN_UNGUARDED_AVAILABILITY = YES_AGGRESSIVE;
				CLANG_WARN_UNREACHABLE_CODE = YES;
				CLANG_WARN__DUPLICATE_METHOD_MATCH = YES;
				CODE_SIGN_IDENTITY = "iPhone Developer";
				COPY_PHASE_STRIP = NO;
				DEBUG_INFORMATION_FORMAT = dwarf;
				ENABLE_STRICT_OBJC_MSGSEND = YES;
				ENABLE_TESTABILITY = YES;
				GCC_C_LANGUAGE_STANDARD = gnu11;
				GCC_DYNAMIC_NO_PIC = NO;
				GCC_NO_COMMON_BLOCKS = YES;
				GCC_OPTIMIZATION_LEVEL = 0;
				GCC_PREPROCESSOR_DEFINITIONS = (
					"DEBUG=1",
					"$(inherited)",
				);
				GCC_WARN_64_TO_32_BIT_CONVERSION = YES;
				GCC_WARN_ABOUT_RETURN_TYPE = YES_ERROR;
				GCC_WARN_UNDECLARED_SELECTOR = YES;
				GCC_WARN_UNINITIALIZED_AUTOS = YES_AGGRESSIVE;
				GCC_WARN_UNUSED_FUNCTION = YES;
				GCC_WARN_UNUSED_VARIABLE = YES;
				IPHONEOS_DEPLOYMENT_TARGET = 11.1;
				MTL_ENABLE_DEBUG_INFO = YES;
				ONLY_ACTIVE_ARCH = YES;
				SDKROOT = iphoneos;
				SWIFT_ACTIVE_COMPILATION_CONDITIONS = DEBUG;
				SWIFT_OPTIMIZATION_LEVEL = "-Onone";
			};
			name = Debug;
		};
		711FABE41FBE26B90074927B /* Release */ = {
			isa = XCBuildConfiguration;
			buildSettings = {
				ALWAYS_SEARCH_USER_PATHS = NO;
				CLANG_ANALYZER_NONNULL = YES;
				CLANG_ANALYZER_NUMBER_OBJECT_CONVERSION = YES_AGGRESSIVE;
				CLANG_CXX_LANGUAGE_STANDARD = "gnu++14";
				CLANG_CXX_LIBRARY = "libc++";
				CLANG_ENABLE_MODULES = YES;
				CLANG_ENABLE_OBJC_ARC = YES;
				CLANG_WARN_BLOCK_CAPTURE_AUTORELEASING = YES;
				CLANG_WARN_BOOL_CONVERSION = YES;
				CLANG_WARN_COMMA = YES;
				CLANG_WARN_CONSTANT_CONVERSION = YES;
				CLANG_WARN_DIRECT_OBJC_ISA_USAGE = YES_ERROR;
				CLANG_WARN_DOCUMENTATION_COMMENTS = YES;
				CLANG_WARN_EMPTY_BODY = YES;
				CLANG_WARN_ENUM_CONVERSION = YES;
				CLANG_WARN_INFINITE_RECURSION = YES;
				CLANG_WARN_INT_CONVERSION = YES;
				CLANG_WARN_NON_LITERAL_NULL_CONVERSION = YES;
				CLANG_WARN_OBJC_LITERAL_CONVERSION = YES;
				CLANG_WARN_OBJC_ROOT_CLASS = YES_ERROR;
				CLANG_WARN_RANGE_LOOP_ANALYSIS = YES;
				CLANG_WARN_STRICT_PROTOTYPES = YES;
				CLANG_WARN_SUSPICIOUS_MOVE = YES;
				CLANG_WARN_UNGUARDED_AVAILABILITY = YES_AGGRESSIVE;
				CLANG_WARN_UNREACHABLE_CODE = YES;
				CLANG_WARN__DUPLICATE_METHOD_MATCH = YES;
				CODE_SIGN_IDENTITY = "iPhone Developer";
				COPY_PHASE_STRIP = NO;
				DEBUG_INFORMATION_FORMAT = "dwarf-with-dsym";
				ENABLE_NS_ASSERTIONS = NO;
				ENABLE_STRICT_OBJC_MSGSEND = YES;
				GCC_C_LANGUAGE_STANDARD = gnu11;
				GCC_NO_COMMON_BLOCKS = YES;
				GCC_WARN_64_TO_32_BIT_CONVERSION = YES;
				GCC_WARN_ABOUT_RETURN_TYPE = YES_ERROR;
				GCC_WARN_UNDECLARED_SELECTOR = YES;
				GCC_WARN_UNINITIALIZED_AUTOS = YES_AGGRESSIVE;
				GCC_WARN_UNUSED_FUNCTION = YES;
				GCC_WARN_UNUSED_VARIABLE = YES;
				IPHONEOS_DEPLOYMENT_TARGET = 11.1;
				MTL_ENABLE_DEBUG_INFO = NO;
				SDKROOT = iphoneos;
				SWIFT_OPTIMIZATION_LEVEL = "-Owholemodule";
				VALIDATE_PRODUCT = YES;
			};
			name = Release;
		};
		711FABE61FBE26B90074927B /* Debug */ = {
			isa = XCBuildConfiguration;
			buildSettings = {
				ASSETCATALOG_COMPILER_APPICON_NAME = AppIcon;
				CODE_SIGN_STYLE = Automatic;
				DEVELOPMENT_TEAM = EWH85CQYYJ;
				INFOPLIST_FILE = CrashyPlane/Info.plist;
				LD_RUNPATH_SEARCH_PATHS = "$(inherited) @executable_path/Frameworks";
				PRODUCT_BUNDLE_IDENTIFIER = "com.offensively-bad.CrashyPlane";
				PRODUCT_NAME = "$(TARGET_NAME)";
				SWIFT_VERSION = 4.0;
				TARGETED_DEVICE_FAMILY = "1,2";
			};
			name = Debug;
		};
		711FABE71FBE26B90074927B /* Release */ = {
			isa = XCBuildConfiguration;
			buildSettings = {
				ASSETCATALOG_COMPILER_APPICON_NAME = AppIcon;
				CODE_SIGN_STYLE = Automatic;
				DEVELOPMENT_TEAM = EWH85CQYYJ;
				INFOPLIST_FILE = CrashyPlane/Info.plist;
				LD_RUNPATH_SEARCH_PATHS = "$(inherited) @executable_path/Frameworks";
				PRODUCT_BUNDLE_IDENTIFIER = "com.offensively-bad.CrashyPlane";
				PRODUCT_NAME = "$(TARGET_NAME)";
				SWIFT_VERSION = 4.0;
				TARGETED_DEVICE_FAMILY = "1,2";
			};
			name = Release;
		};
/* End XCBuildConfiguration section */

/* Begin XCConfigurationList section */
		711FABC81FBE26B90074927B /* Build configuration list for PBXProject "CrashyPlane" */ = {
			isa = XCConfigurationList;
			buildConfigurations = (
				711FABE31FBE26B90074927B /* Debug */,
				711FABE41FBE26B90074927B /* Release */,
			);
			defaultConfigurationIsVisible = 0;
			defaultConfigurationName = Release;
		};
		711FABE51FBE26B90074927B /* Build configuration list for PBXNativeTarget "CrashyPlane" */ = {
			isa = XCConfigurationList;
			buildConfigurations = (
				711FABE61FBE26B90074927B /* Debug */,
				711FABE71FBE26B90074927B /* Release */,
			);
			defaultConfigurationIsVisible = 0;
			defaultConfigurationName = Release;
		};
/* End XCConfigurationList section */
	};
	rootObject = 711FABC51FBE26B90074927B /* Project object */;
}
